
Microsoft Visual Studio Solution File, Format Version 12.00
# Visual Studio Version 17
VisualStudioVersion = 17.0.31903.59
MinimumVisualStudioVersion = 10.0.40219.1
Project("{FAE04EC0-301F-11D3-BF4B-00C04F79EFBC}") = "Paper.CSSS", "Paper.CSSS\Paper.CSSS.csproj", "{8AD218B4-35C7-4FB0-A89D-074AB216F11C}"
EndProject
Project("{FAE04EC0-301F-11D3-BF4B-00C04F79EFBC}") = "Paper.Core", "Paper.Core\Paper.Core.csproj", "{8E04C328-7662-4D5D-9285-11D8643F72B5}"
EndProject
Project("{FAE04EC0-301F-11D3-BF4B-00C04F79EFBC}") = "Paper.CSSS.Tests", "Paper.CSSS.Tests\Paper.CSSS.Tests.csproj", "{E82E56DF-1AC1-4CD3-A4E5-5BF54C6263B7}"
EndProject
Project("{FAE04EC0-301F-11D3-BF4B-00C04F79EFBC}") = "Paper.CSX.CLI", "Paper.CSX.CLI\Paper.CSX.CLI.csproj", "{29306A1A-0F59-4469-A6C4-378CD357100D}"
EndProject
Project("{FAE04EC0-301F-11D3-BF4B-00C04F79EFBC}") = "Paper.CSX", "Paper.CSX\Paper.CSX.csproj", "{170FFDEC-7B84-4186-8F67-FF81860154B1}"
EndProject
Project("{FAE04EC0-301F-11D3-BF4B-00C04F79EFBC}") = "Paper.CSX.LanguageServer", "Paper.CSX.LanguageServer\Paper.CSX.LanguageServer.csproj", "{D1770794-CE3B-46B4-95B9-C3AFE4C53F69}"
EndProject
Project("{FAE04EC0-301F-11D3-BF4B-00C04F79EFBC}") = "Paper.CSX.Tests", "Paper.CSX.Tests\Paper.CSX.Tests.csproj", "{486F91B9-2098-4501-A373-7D2E4EA81B46}"
EndProject
Project("{FAE04EC0-301F-11D3-BF4B-00C04F79EFBC}") = "Paper.Core.Tests", "Paper.Core.Tests\Paper.Core.Tests.csproj", "{2391DEC6-6E49-41C1-976F-97EFDA72BAFB}"
EndProject
Project("{FAE04EC0-301F-11D3-BF4B-00C04F79EFBC}") = "Paper.Layout", "Paper.Layout\Paper.Layout.csproj", "{5C2DDE6A-A548-442D-84BD-EC00C2B4A547}"
EndProject
Project("{FAE04EC0-301F-11D3-BF4B-00C04F79EFBC}") = "Paper.Layout.Tests", "Paper.Layout.Tests\Paper.Layout.Tests.csproj", "{2AEE516F-51B3-48B0-93F2-598880C6559D}"
EndProject
Project("{FAE04EC0-301F-11D3-BF4B-00C04F79EFBC}") = "Paper.Playground", "Paper.Playground\Paper.Playground.csproj", "{9376DF51-3D77-44B8-B7CD-49993C188FFE}"
EndProject
Project("{FAE04EC0-301F-11D3-BF4B-00C04F79EFBC}") = "Paper.Rendering.Silk.NET", "Paper.Rendering.Silk.NET\Paper.Rendering.Silk.NET.csproj", "{08F8E8AF-F216-441F-BCDA-12AB6A1AB248}"
EndProject
Global
	GlobalSection(SolutionConfigurationPlatforms) = preSolution
		Debug|Any CPU = Debug|Any CPU
		Debug|x64 = Debug|x64
		Debug|x86 = Debug|x86
		Release|Any CPU = Release|Any CPU
		Release|x64 = Release|x64
		Release|x86 = Release|x86
	EndGlobalSection
	GlobalSection(ProjectConfigurationPlatforms) = postSolution
		{8AD218B4-35C7-4FB0-A89D-074AB216F11C}.Debug|Any CPU.ActiveCfg = Debug|Any CPU
		{8AD218B4-35C7-4FB0-A89D-074AB216F11C}.Debug|Any CPU.Build.0 = Debug|Any CPU
		{8AD218B4-35C7-4FB0-A89D-074AB216F11C}.Debug|x64.ActiveCfg = Debug|Any CPU
		{8AD218B4-35C7-4FB0-A89D-074AB216F11C}.Debug|x64.Build.0 = Debug|Any CPU
		{8AD218B4-35C7-4FB0-A89D-074AB216F11C}.Debug|x86.ActiveCfg = Debug|Any CPU
		{8AD218B4-35C7-4FB0-A89D-074AB216F11C}.Debug|x86.Build.0 = Debug|Any CPU
		{8AD218B4-35C7-4FB0-A89D-074AB216F11C}.Release|Any CPU.ActiveCfg = Release|Any CPU
		{8AD218B4-35C7-4FB0-A89D-074AB216F11C}.Release|Any CPU.Build.0 = Release|Any CPU
		{8AD218B4-35C7-4FB0-A89D-074AB216F11C}.Release|x64.ActiveCfg = Release|Any CPU
		{8AD218B4-35C7-4FB0-A89D-074AB216F11C}.Release|x64.Build.0 = Release|Any CPU
		{8AD218B4-35C7-4FB0-A89D-074AB216F11C}.Release|x86.ActiveCfg = Release|Any CPU
		{8AD218B4-35C7-4FB0-A89D-074AB216F11C}.Release|x86.Build.0 = Release|Any CPU
		{8E04C328-7662-4D5D-9285-11D8643F72B5}.Debug|Any CPU.ActiveCfg = Debug|Any CPU
		{8E04C328-7662-4D5D-9285-11D8643F72B5}.Debug|Any CPU.Build.0 = Debug|Any CPU
		{8E04C328-7662-4D5D-9285-11D8643F72B5}.Debug|x64.ActiveCfg = Debug|Any CPU
		{8E04C328-7662-4D5D-9285-11D8643F72B5}.Debug|x64.Build.0 = Debug|Any CPU
		{8E04C328-7662-4D5D-9285-11D8643F72B5}.Debug|x86.ActiveCfg = Debug|Any CPU
		{8E04C328-7662-4D5D-9285-11D8643F72B5}.Debug|x86.Build.0 = Debug|Any CPU
		{8E04C328-7662-4D5D-9285-11D8643F72B5}.Release|Any CPU.ActiveCfg = Release|Any CPU
		{8E04C328-7662-4D5D-9285-11D8643F72B5}.Release|Any CPU.Build.0 = Release|Any CPU
		{8E04C328-7662-4D5D-9285-11D8643F72B5}.Release|x64.ActiveCfg = Release|Any CPU
		{8E04C328-7662-4D5D-9285-11D8643F72B5}.Release|x64.Build.0 = Release|Any CPU
		{8E04C328-7662-4D5D-9285-11D8643F72B5}.Release|x86.ActiveCfg = Release|Any CPU
		{8E04C328-7662-4D5D-9285-11D8643F72B5}.Release|x86.Build.0 = Release|Any CPU
		{E82E56DF-1AC1-4CD3-A4E5-5BF54C6263B7}.Debug|Any CPU.ActiveCfg = Debug|Any CPU
		{E82E56DF-1AC1-4CD3-A4E5-5BF54C6263B7}.Debug|Any CPU.Build.0 = Debug|Any CPU
		{E82E56DF-1AC1-4CD3-A4E5-5BF54C6263B7}.Debug|x64.ActiveCfg = Debug|Any CPU
		{E82E56DF-1AC1-4CD3-A4E5-5BF54C6263B7}.Debug|x64.Build.0 = Debug|Any CPU
		{E82E56DF-1AC1-4CD3-A4E5-5BF54C6263B7}.Debug|x86.ActiveCfg = Debug|Any CPU
		{E82E56DF-1AC1-4CD3-A4E5-5BF54C6263B7}.Debug|x86.Build.0 = Debug|Any CPU
		{E82E56DF-1AC1-4CD3-A4E5-5BF54C6263B7}.Release|Any CPU.ActiveCfg = Release|Any CPU
		{E82E56DF-1AC1-4CD3-A4E5-5BF54C6263B7}.Release|Any CPU.Build.0 = Release|Any CPU
		{E82E56DF-1AC1-4CD3-A4E5-5BF54C6263B7}.Release|x64.ActiveCfg = Release|Any CPU
		{E82E56DF-1AC1-4CD3-A4E5-5BF54C6263B7}.Release|x64.Build.0 = Release|Any CPU
		{E82E56DF-1AC1-4CD3-A4E5-5BF54C6263B7}.Release|x86.ActiveCfg = Release|Any CPU
		{E82E56DF-1AC1-4CD3-A4E5-5BF54C6263B7}.Release|x86.Build.0 = Release|Any CPU
		{29306A1A-0F59-4469-A6C4-378CD357100D}.Debug|Any CPU.ActiveCfg = Debug|Any CPU
		{29306A1A-0F59-4469-A6C4-378CD357100D}.Debug|Any CPU.Build.0 = Debug|Any CPU
		{29306A1A-0F59-4469-A6C4-378CD357100D}.Debug|x64.ActiveCfg = Debug|Any CPU
		{29306A1A-0F59-4469-A6C4-378CD357100D}.Debug|x64.Build.0 = Debug|Any CPU
		{29306A1A-0F59-4469-A6C4-378CD357100D}.Debug|x86.ActiveCfg = Debug|Any CPU
		{29306A1A-0F59-4469-A6C4-378CD357100D}.Debug|x86.Build.0 = Debug|Any CPU
		{29306A1A-0F59-4469-A6C4-378CD357100D}.Release|Any CPU.ActiveCfg = Release|Any CPU
		{29306A1A-0F59-4469-A6C4-378CD357100D}.Release|Any CPU.Build.0 = Release|Any CPU
		{29306A1A-0F59-4469-A6C4-378CD357100D}.Release|x64.ActiveCfg = Release|Any CPU
		{29306A1A-0F59-4469-A6C4-378CD357100D}.Release|x64.Build.0 = Release|Any CPU
		{29306A1A-0F59-4469-A6C4-378CD357100D}.Release|x86.ActiveCfg = Release|Any CPU
		{29306A1A-0F59-4469-A6C4-378CD357100D}.Release|x86.Build.0 = Release|Any CPU
		{170FFDEC-7B84-4186-8F67-FF81860154B1}.Debug|Any CPU.ActiveCfg = Debug|Any CPU
		{170FFDEC-7B84-4186-8F67-FF81860154B1}.Debug|Any CPU.Build.0 = Debug|Any CPU
		{170FFDEC-7B84-4186-8F67-FF81860154B1}.Debug|x64.ActiveCfg = Debug|Any CPU
		{170FFDEC-7B84-4186-8F67-FF81860154B1}.Debug|x64.Build.0 = Debug|Any CPU
		{170FFDEC-7B84-4186-8F67-FF81860154B1}.Debug|x86.ActiveCfg = Debug|Any CPU
		{170FFDEC-7B84-4186-8F67-FF81860154B1}.Debug|x86.Build.0 = Debug|Any CPU
		{170FFDEC-7B84-4186-8F67-FF81860154B1}.Release|Any CPU.ActiveCfg = Release|Any CPU
		{170FFDEC-7B84-4186-8F67-FF81860154B1}.Release|Any CPU.Build.0 = Release|Any CPU
		{170FFDEC-7B84-4186-8F67-FF81860154B1}.Release|x64.ActiveCfg = Release|Any CPU
		{170FFDEC-7B84-4186-8F67-FF81860154B1}.Release|x64.Build.0 = Release|Any CPU
		{170FFDEC-7B84-4186-8F67-FF81860154B1}.Release|x86.ActiveCfg = Release|Any CPU
		{170FFDEC-7B84-4186-8F67-FF81860154B1}.Release|x86.Build.0 = Release|Any CPU
		{D1770794-CE3B-46B4-95B9-C3AFE4C53F69}.Debug|Any CPU.ActiveCfg = Debug|Any CPU
		{D1770794-CE3B-46B4-95B9-C3AFE4C53F69}.Debug|Any CPU.Build.0 = Debug|Any CPU
		{D1770794-CE3B-46B4-95B9-C3AFE4C53F69}.Debug|x64.ActiveCfg = Debug|Any CPU
		{D1770794-CE3B-46B4-95B9-C3AFE4C53F69}.Debug|x64.Build.0 = Debug|Any CPU
		{D1770794-CE3B-46B4-95B9-C3AFE4C53F69}.Debug|x86.ActiveCfg = Debug|Any CPU
		{D1770794-CE3B-46B4-95B9-C3AFE4C53F69}.Debug|x86.Build.0 = Debug|Any CPU
		{D1770794-CE3B-46B4-95B9-C3AFE4C53F69}.Release|Any CPU.ActiveCfg = Release|Any CPU
		{D1770794-CE3B-46B4-95B9-C3AFE4C53F69}.Release|Any CPU.Build.0 = Release|Any CPU
		{D1770794-CE3B-46B4-95B9-C3AFE4C53F69}.Release|x64.ActiveCfg = Release|Any CPU
		{D1770794-CE3B-46B4-95B9-C3AFE4C53F69}.Release|x64.Build.0 = Release|Any CPU
		{D1770794-CE3B-46B4-95B9-C3AFE4C53F69}.Release|x86.ActiveCfg = Release|Any CPU
		{D1770794-CE3B-46B4-95B9-C3AFE4C53F69}.Release|x86.Build.0 = Release|Any CPU
		{486F91B9-2098-4501-A373-7D2E4EA81B46}.Debug|Any CPU.ActiveCfg = Debug|Any CPU
		{486F91B9-2098-4501-A373-7D2E4EA81B46}.Debug|Any CPU.Build.0 = Debug|Any CPU
		{486F91B9-2098-4501-A373-7D2E4EA81B46}.Debug|x64.ActiveCfg = Debug|Any CPU
		{486F91B9-2098-4501-A373-7D2E4EA81B46}.Debug|x64.Build.0 = Debug|Any CPU
		{486F91B9-2098-4501-A373-7D2E4EA81B46}.Debug|x86.ActiveCfg = Debug|Any CPU
		{486F91B9-2098-4501-A373-7D2E4EA81B46}.Debug|x86.Build.0 = Debug|Any CPU
		{486F91B9-2098-4501-A373-7D2E4EA81B46}.Release|Any CPU.ActiveCfg = Release|Any CPU
		{486F91B9-2098-4501-A373-7D2E4EA81B46}.Release|Any CPU.Build.0 = Release|Any CPU
		{486F91B9-2098-4501-A373-7D2E4EA81B46}.Release|x64.ActiveCfg = Release|Any CPU
		{486F91B9-2098-4501-A373-7D2E4EA81B46}.Release|x64.Build.0 = Release|Any CPU
		{486F91B9-2098-4501-A373-7D2E4EA81B46}.Release|x86.ActiveCfg = Release|Any CPU
		{486F91B9-2098-4501-A373-7D2E4EA81B46}.Release|x86.Build.0 = Release|Any CPU
		{2391DEC6-6E49-41C1-976F-97EFDA72BAFB}.Debug|Any CPU.ActiveCfg = Debug|Any CPU
		{2391DEC6-6E49-41C1-976F-97EFDA72BAFB}.Debug|Any CPU.Build.0 = Debug|Any CPU
		{2391DEC6-6E49-41C1-976F-97EFDA72BAFB}.Debug|x64.ActiveCfg = Debug|Any CPU
		{2391DEC6-6E49-41C1-976F-97EFDA72BAFB}.Debug|x64.Build.0 = Debug|Any CPU
		{2391DEC6-6E49-41C1-976F-97EFDA72BAFB}.Debug|x86.ActiveCfg = Debug|Any CPU
		{2391DEC6-6E49-41C1-976F-97EFDA72BAFB}.Debug|x86.Build.0 = Debug|Any CPU
		{2391DEC6-6E49-41C1-976F-97EFDA72BAFB}.Release|Any CPU.ActiveCfg = Release|Any CPU
		{2391DEC6-6E49-41C1-976F-97EFDA72BAFB}.Release|Any CPU.Build.0 = Release|Any CPU
		{2391DEC6-6E49-41C1-976F-97EFDA72BAFB}.Release|x64.ActiveCfg = Release|Any CPU
		{2391DEC6-6E49-41C1-976F-97EFDA72BAFB}.Release|x64.Build.0 = Release|Any CPU
		{2391DEC6-6E49-41C1-976F-97EFDA72BAFB}.Release|x86.ActiveCfg = Release|Any CPU
		{2391DEC6-6E49-41C1-976F-97EFDA72BAFB}.Release|x86.Build.0 = Release|Any CPU
		{5C2DDE6A-A548-442D-84BD-EC00C2B4A547}.Debug|Any CPU.ActiveCfg = Debug|Any CPU
		{5C2DDE6A-A548-442D-84BD-EC00C2B4A547}.Debug|Any CPU.Build.0 = Debug|Any CPU
		{5C2DDE6A-A548-442D-84BD-EC00C2B4A547}.Debug|x64.ActiveCfg = Debug|Any CPU
		{5C2DDE6A-A548-442D-84BD-EC00C2B4A547}.Debug|x64.Build.0 = Debug|Any CPU
		{5C2DDE6A-A548-442D-84BD-EC00C2B4A547}.Debug|x86.ActiveCfg = Debug|Any CPU
		{5C2DDE6A-A548-442D-84BD-EC00C2B4A547}.Debug|x86.Build.0 = Debug|Any CPU
		{5C2DDE6A-A548-442D-84BD-EC00C2B4A547}.Release|Any CPU.ActiveCfg = Release|Any CPU
		{5C2DDE6A-A548-442D-84BD-EC00C2B4A547}.Release|Any CPU.Build.0 = Release|Any CPU
		{5C2DDE6A-A548-442D-84BD-EC00C2B4A547}.Release|x64.ActiveCfg = Release|Any CPU
		{5C2DDE6A-A548-442D-84BD-EC00C2B4A547}.Release|x64.Build.0 = Release|Any CPU
		{5C2DDE6A-A548-442D-84BD-EC00C2B4A547}.Release|x86.ActiveCfg = Release|Any CPU
		{5C2DDE6A-A548-442D-84BD-EC00C2B4A547}.Release|x86.Build.0 = Release|Any CPU
		{2AEE516F-51B3-48B0-93F2-598880C6559D}.Debug|Any CPU.ActiveCfg = Debug|Any CPU
		{2AEE516F-51B3-48B0-93F2-598880C6559D}.Debug|Any CPU.Build.0 = Debug|Any CPU
		{2AEE516F-51B3-48B0-93F2-598880C6559D}.Debug|x64.ActiveCfg = Debug|Any CPU
		{2AEE516F-51B3-48B0-93F2-598880C6559D}.Debug|x64.Build.0 = Debug|Any CPU
		{2AEE516F-51B3-48B0-93F2-598880C6559D}.Debug|x86.ActiveCfg = Debug|Any CPU
		{2AEE516F-51B3-48B0-93F2-598880C6559D}.Debug|x86.Build.0 = Debug|Any CPU
		{2AEE516F-51B3-48B0-93F2-598880C6559D}.Release|Any CPU.ActiveCfg = Release|Any CPU
		{2AEE516F-51B3-48B0-93F2-598880C6559D}.Release|Any CPU.Build.0 = Release|Any CPU
		{2AEE516F-51B3-48B0-93F2-598880C6559D}.Release|x64.ActiveCfg = Release|Any CPU
		{2AEE516F-51B3-48B0-93F2-598880C6559D}.Release|x64.Build.0 = Release|Any CPU
		{2AEE516F-51B3-48B0-93F2-598880C6559D}.Release|x86.ActiveCfg = Release|Any CPU
		{2AEE516F-51B3-48B0-93F2-598880C6559D}.Release|x86.Build.0 = Release|Any CPU
		{9376DF51-3D77-44B8-B7CD-49993C188FFE}.Debug|Any CPU.ActiveCfg = Debug|Any CPU
		{9376DF51-3D77-44B8-B7CD-49993C188FFE}.Debug|Any CPU.Build.0 = Debug|Any CPU
		{9376DF51-3D77-44B8-B7CD-49993C188FFE}.Debug|x64.ActiveCfg = Debug|Any CPU
		{9376DF51-3D77-44B8-B7CD-49993C188FFE}.Debug|x64.Build.0 = Debug|Any CPU
		{9376DF51-3D77-44B8-B7CD-49993C188FFE}.Debug|x86.ActiveCfg = Debug|Any CPU
		{9376DF51-3D77-44B8-B7CD-49993C188FFE}.Debug|x86.Build.0 = Debug|Any CPU
		{9376DF51-3D77-44B8-B7CD-49993C188FFE}.Release|Any CPU.ActiveCfg = Release|Any CPU
		{9376DF51-3D77-44B8-B7CD-49993C188FFE}.Release|Any CPU.Build.0 = Release|Any CPU
		{9376DF51-3D77-44B8-B7CD-49993C188FFE}.Release|x64.ActiveCfg = Release|Any CPU
		{9376DF51-3D77-44B8-B7CD-49993C188FFE}.Release|x64.Build.0 = Release|Any CPU
		{9376DF51-3D77-44B8-B7CD-49993C188FFE}.Release|x86.ActiveCfg = Release|Any CPU
		{9376DF51-3D77-44B8-B7CD-49993C188FFE}.Release|x86.Build.0 = Release|Any CPU
		{08F8E8AF-F216-441F-BCDA-12AB6A1AB248}.Debug|Any CPU.ActiveCfg = Debug|Any CPU
		{08F8E8AF-F216-441F-BCDA-12AB6A1AB248}.Debug|Any CPU.Build.0 = Debug|Any CPU
		{08F8E8AF-F216-441F-BCDA-12AB6A1AB248}.Debug|x64.ActiveCfg = Debug|Any CPU
		{08F8E8AF-F216-441F-BCDA-12AB6A1AB248}.Debug|x64.Build.0 = Debug|Any CPU
		{08F8E8AF-F216-441F-BCDA-12AB6A1AB248}.Debug|x86.ActiveCfg = Debug|Any CPU
		{08F8E8AF-F216-441F-BCDA-12AB6A1AB248}.Debug|x86.Build.0 = Debug|Any CPU
		{08F8E8AF-F216-441F-BCDA-12AB6A1AB248}.Release|Any CPU.ActiveCfg = Release|Any CPU
		{08F8E8AF-F216-441F-BCDA-12AB6A1AB248}.Release|Any CPU.Build.0 = Release|Any CPU
		{08F8E8AF-F216-441F-BCDA-12AB6A1AB248}.Release|x64.ActiveCfg = Release|Any CPU
		{08F8E8AF-F216-441F-BCDA-12AB6A1AB248}.Release|x64.Build.0 = Release|Any CPU
		{08F8E8AF-F216-441F-BCDA-12AB6A1AB248}.Release|x86.ActiveCfg = Release|Any CPU
		{08F8E8AF-F216-441F-BCDA-12AB6A1AB248}.Release|x86.Build.0 = Release|Any CPU
	EndGlobalSection
	GlobalSection(SolutionProperties) = preSolution
		HideSolutionNode = FALSE
	EndGlobalSection
EndGlobal
